// !$*UTF8*$!
{
	archiveVersion = 1;
	classes = {
	};
	objectVersion = 46;
	objects = {

/* Begin PBXBuildFile section */
		A9415B7A1ED8978400BCE530 /* main.m in Sources */ = {isa = PBXBuildFile; fileRef = A9415B791ED8978400BCE530 /* main.m */; };
		A9415B7D1ED8978400BCE530 /* AppDelegate.m in Sources */ = {isa = PBXBuildFile; fileRef = A9415B7C1ED8978400BCE530 /* AppDelegate.m */; };
		A9415B801ED8978400BCE530 /* ViewController.m in Sources */ = {isa = PBXBuildFile; fileRef = A9415B7F1ED8978400BCE530 /* ViewController.m */; };
		A9415B831ED8978500BCE530 /* Main.storyboard in Resources */ = {isa = PBXBuildFile; fileRef = A9415B811ED8978500BCE530 /* Main.storyboard */; };
		A9415B851ED8978500BCE530 /* Assets.xcassets in Resources */ = {isa = PBXBuildFile; fileRef = A9415B841ED8978500BCE530 /* Assets.xcassets */; };
		A9415B881ED8978500BCE530 /* LaunchScreen.storyboard in Resources */ = {isa = PBXBuildFile; fileRef = A9415B861ED8978500BCE530 /* LaunchScreen.storyboard */; };
		A9415B931ED8978500BCE530 /* TwitterIntegrationTests.m in Sources */ = {isa = PBXBuildFile; fileRef = A9415B921ED8978500BCE530 /* TwitterIntegrationTests.m */; };
		A9415B9E1ED8978500BCE530 /* TwitterIntegrationUITests.m in Sources */ = {isa = PBXBuildFile; fileRef = A9415B9D1ED8978500BCE530 /* TwitterIntegrationUITests.m */; };
		A9415BC51ED8A2EE00BCE530 /* NSDateFormatter+STTwitter.m in Sources */ = {isa = PBXBuildFile; fileRef = A9415BAD1ED8A2EE00BCE530 /* NSDateFormatter+STTwitter.m */; };
		A9415BC61ED8A2EE00BCE530 /* NSError+STTwitter.m in Sources */ = {isa = PBXBuildFile; fileRef = A9415BAF1ED8A2EE00BCE530 /* NSError+STTwitter.m */; };
		A9415BC71ED8A2EE00BCE530 /* NSString+STTwitter.m in Sources */ = {isa = PBXBuildFile; fileRef = A9415BB11ED8A2EE00BCE530 /* NSString+STTwitter.m */; };
		A9415BC81ED8A2EE00BCE530 /* STHTTPRequest+STTwitter.m in Sources */ = {isa = PBXBuildFile; fileRef = A9415BB31ED8A2EE00BCE530 /* STHTTPRequest+STTwitter.m */; };
		A9415BC91ED8A2EE00BCE530 /* STTwitterAPI.m in Sources */ = {isa = PBXBuildFile; fileRef = A9415BB61ED8A2EE00BCE530 /* STTwitterAPI.m */; };
		A9415BCA1ED8A2EE00BCE530 /* STTwitterAppOnly.m in Sources */ = {isa = PBXBuildFile; fileRef = A9415BB81ED8A2EE00BCE530 /* STTwitterAppOnly.m */; };
		A9415BCB1ED8A2EE00BCE530 /* STTwitterHTML.m in Sources */ = {isa = PBXBuildFile; fileRef = A9415BBA1ED8A2EE00BCE530 /* STTwitterHTML.m */; };
		A9415BCC1ED8A2EE00BCE530 /* STTwitterOAuth.m in Sources */ = {isa = PBXBuildFile; fileRef = A9415BBC1ED8A2EE00BCE530 /* STTwitterOAuth.m */; };
		A9415BCD1ED8A2EE00BCE530 /* STTwitterOS.m in Sources */ = {isa = PBXBuildFile; fileRef = A9415BBE1ED8A2EE00BCE530 /* STTwitterOS.m */; };
		A9415BCE1ED8A2EE00BCE530 /* STTwitterOSRequest.m in Sources */ = {isa = PBXBuildFile; fileRef = A9415BC01ED8A2EE00BCE530 /* STTwitterOSRequest.m */; };
		A9415BCF1ED8A2EE00BCE530 /* STTwitterStreamParser.m in Sources */ = {isa = PBXBuildFile; fileRef = A9415BC41ED8A2EE00BCE530 /* STTwitterStreamParser.m */; };
		A9415BD71ED8A31100BCE530 /* BAVPlistNode.m in Sources */ = {isa = PBXBuildFile; fileRef = A9415BD21ED8A31100BCE530 /* BAVPlistNode.m */; };
		A9415BD81ED8A31100BCE530 /* JSONSyntaxHighlight.m in Sources */ = {isa = PBXBuildFile; fileRef = A9415BD41ED8A31100BCE530 /* JSONSyntaxHighlight.m */; };
		A9415BD91ED8A31100BCE530 /* STHTTPRequest.m in Sources */ = {isa = PBXBuildFile; fileRef = A9415BD61ED8A31100BCE530 /* STHTTPRequest.m */; };
		A9415BDC1ED8A34D00BCE530 /* Security.framework in Frameworks */ = {isa = PBXBuildFile; fileRef = A9415BDB1ED8A34D00BCE530 /* Security.framework */; };
		A9415BDE1ED8A35300BCE530 /* Social.framework in Frameworks */ = {isa = PBXBuildFile; fileRef = A9415BDD1ED8A35300BCE530 /* Social.framework */; };
		A9415BE01ED8A35900BCE530 /* Accounts.framework in Frameworks */ = {isa = PBXBuildFile; fileRef = A9415BDF1ED8A35900BCE530 /* Accounts.framework */; };
		A9415BE21ED8A36200BCE530 /* StoreKit.framework in Frameworks */ = {isa = PBXBuildFile; fileRef = A9415BE11ED8A36200BCE530 /* StoreKit.framework */; };
		A9415BE41ED8A3BC00BCE530 /* Twitter.framework in Frameworks */ = {isa = PBXBuildFile; fileRef = A9415BE31ED8A3BC00BCE530 /* Twitter.framework */; };
/* End PBXBuildFile section */

/* Begin PBXContainerItemProxy section */
		A9415B8F1ED8978500BCE530 /* PBXContainerItemProxy */ = {
			isa = PBXContainerItemProxy;
			containerPortal = A9415B6D1ED8978400BCE530 /* Project object */;
			proxyType = 1;
			remoteGlobalIDString = A9415B741ED8978400BCE530;
			remoteInfo = TwitterIntegration;
		};
		A9415B9A1ED8978500BCE530 /* PBXContainerItemProxy */ = {
			isa = PBXContainerItemProxy;
			containerPortal = A9415B6D1ED8978400BCE530 /* Project object */;
			proxyType = 1;
			remoteGlobalIDString = A9415B741ED8978400BCE530;
			remoteInfo = TwitterIntegration;
		};
/* End PBXContainerItemProxy section */

/* Begin PBXFileReference section */
		A9415B751ED8978400BCE530 /* TwitterIntegration.app */ = {isa = PBXFileReference; explicitFileType = wrapper.application; includeInIndex = 0; path = TwitterIntegration.app; sourceTree = BUILT_PRODUCTS_DIR; };
		A9415B791ED8978400BCE530 /* main.m */ = {isa = PBXFileReference; lastKnownFileType = sourcecode.c.objc; path = main.m; sourceTree = "<group>"; };
		A9415B7B1ED8978400BCE530 /* AppDelegate.h */ = {isa = PBXFileReference; lastKnownFileType = sourcecode.c.h; path = AppDelegate.h; sourceTree = "<group>"; };
		A9415B7C1ED8978400BCE530 /* AppDelegate.m */ = {isa = PBXFileReference; lastKnownFileType = sourcecode.c.objc; path = AppDelegate.m; sourceTree = "<group>"; };
		A9415B7E1ED8978400BCE530 /* ViewController.h */ = {isa = PBXFileReference; lastKnownFileType = sourcecode.c.h; path = ViewController.h; sourceTree = "<group>"; };
		A9415B7F1ED8978400BCE530 /* ViewController.m */ = {isa = PBXFileReference; lastKnownFileType = sourcecode.c.objc; path = ViewController.m; sourceTree = "<group>"; };
		A9415B821ED8978500BCE530 /* Base */ = {isa = PBXFileReference; lastKnownFileType = file.storyboard; name = Base; path = Base.lproj/Main.storyboard; sourceTree = "<group>"; };
		A9415B841ED8978500BCE530 /* Assets.xcassets */ = {isa = PBXFileReference; lastKnownFileType = folder.assetcatalog; path = Assets.xcassets; sourceTree = "<group>"; };
		A9415B871ED8978500BCE530 /* Base */ = {isa = PBXFileReference; lastKnownFileType = file.storyboard; name = Base; path = Base.lproj/LaunchScreen.storyboard; sourceTree = "<group>"; };
		A9415B891ED8978500BCE530 /* Info.plist */ = {isa = PBXFileReference; lastKnownFileType = text.plist.xml; path = Info.plist; sourceTree = "<group>"; };
		A9415B8E1ED8978500BCE530 /* TwitterIntegrationTests.xctest */ = {isa = PBXFileReference; explicitFileType = wrapper.cfbundle; includeInIndex = 0; path = TwitterIntegrationTests.xctest; sourceTree = BUILT_PRODUCTS_DIR; };
		A9415B921ED8978500BCE530 /* TwitterIntegrationTests.m */ = {isa = PBXFileReference; lastKnownFileType = sourcecode.c.objc; path = TwitterIntegrationTests.m; sourceTree = "<group>"; };
		A9415B941ED8978500BCE530 /* Info.plist */ = {isa = PBXFileReference; lastKnownFileType = text.plist.xml; path = Info.plist; sourceTree = "<group>"; };
		A9415B991ED8978500BCE530 /* TwitterIntegrationUITests.xctest */ = {isa = PBXFileReference; explicitFileType = wrapper.cfbundle; includeInIndex = 0; path = TwitterIntegrationUITests.xctest; sourceTree = BUILT_PRODUCTS_DIR; };
		A9415B9D1ED8978500BCE530 /* TwitterIntegrationUITests.m */ = {isa = PBXFileReference; lastKnownFileType = sourcecode.c.objc; path = TwitterIntegrationUITests.m; sourceTree = "<group>"; };
		A9415B9F1ED8978500BCE530 /* Info.plist */ = {isa = PBXFileReference; lastKnownFileType = text.plist.xml; path = Info.plist; sourceTree = "<group>"; };
		A9415BAC1ED8A2EE00BCE530 /* NSDateFormatter+STTwitter.h */ = {isa = PBXFileReference; fileEncoding = 4; lastKnownFileType = sourcecode.c.h; name = "NSDateFormatter+STTwitter.h"; path = "STTwitter/NSDateFormatter+STTwitter.h"; sourceTree = "<group>"; };
		A9415BAD1ED8A2EE00BCE530 /* NSDateFormatter+STTwitter.m */ = {isa = PBXFileReference; fileEncoding = 4; lastKnownFileType = sourcecode.c.objc; name = "NSDateFormatter+STTwitter.m"; path = "STTwitter/NSDateFormatter+STTwitter.m"; sourceTree = "<group>"; };
		A9415BAE1ED8A2EE00BCE530 /* NSError+STTwitter.h */ = {isa = PBXFileReference; fileEncoding = 4; lastKnownFileType = sourcecode.c.h; name = "NSError+STTwitter.h"; path = "STTwitter/NSError+STTwitter.h"; sourceTree = "<group>"; };
		A9415BAF1ED8A2EE00BCE530 /* NSError+STTwitter.m */ = {isa = PBXFileReference; fileEncoding = 4; lastKnownFileType = sourcecode.c.objc; name = "NSError+STTwitter.m"; path = "STTwitter/NSError+STTwitter.m"; sourceTree = "<group>"; };
		A9415BB01ED8A2EE00BCE530 /* NSString+STTwitter.h */ = {isa = PBXFileReference; fileEncoding = 4; lastKnownFileType = sourcecode.c.h; name = "NSString+STTwitter.h"; path = "STTwitter/NSString+STTwitter.h"; sourceTree = "<group>"; };
		A9415BB11ED8A2EE00BCE530 /* NSString+STTwitter.m */ = {isa = PBXFileReference; fileEncoding = 4; lastKnownFileType = sourcecode.c.objc; name = "NSString+STTwitter.m"; path = "STTwitter/NSString+STTwitter.m"; sourceTree = "<group>"; };
		A9415BB21ED8A2EE00BCE530 /* STHTTPRequest+STTwitter.h */ = {isa = PBXFileReference; fileEncoding = 4; lastKnownFileType = sourcecode.c.h; name = "STHTTPRequest+STTwitter.h"; path = "STTwitter/STHTTPRequest+STTwitter.h"; sourceTree = "<group>"; };
		A9415BB31ED8A2EE00BCE530 /* STHTTPRequest+STTwitter.m */ = {isa = PBXFileReference; fileEncoding = 4; lastKnownFileType = sourcecode.c.objc; name = "STHTTPRequest+STTwitter.m"; path = "STTwitter/STHTTPRequest+STTwitter.m"; sourceTree = "<group>"; };
		A9415BB41ED8A2EE00BCE530 /* STTwitter.h */ = {isa = PBXFileReference; fileEncoding = 4; lastKnownFileType = sourcecode.c.h; name = STTwitter.h; path = STTwitter/STTwitter.h; sourceTree = "<group>"; };
		A9415BB51ED8A2EE00BCE530 /* STTwitterAPI.h */ = {isa = PBXFileReference; fileEncoding = 4; lastKnownFileType = sourcecode.c.h; name = STTwitterAPI.h; path = STTwitter/STTwitterAPI.h; sourceTree = "<group>"; };
		A9415BB61ED8A2EE00BCE530 /* STTwitterAPI.m */ = {isa = PBXFileReference; fileEncoding = 4; lastKnownFileType = sourcecode.c.objc; name = STTwitterAPI.m; path = STTwitter/STTwitterAPI.m; sourceTree = "<group>"; };
		A9415BB71ED8A2EE00BCE530 /* STTwitterAppOnly.h */ = {isa = PBXFileReference; fileEncoding = 4; lastKnownFileType = sourcecode.c.h; name = STTwitterAppOnly.h; path = STTwitter/STTwitterAppOnly.h; sourceTree = "<group>"; };
		A9415BB81ED8A2EE00BCE530 /* STTwitterAppOnly.m */ = {isa = PBXFileReference; fileEncoding = 4; lastKnownFileType = sourcecode.c.objc; name = STTwitterAppOnly.m; path = STTwitter/STTwitterAppOnly.m; sourceTree = "<group>"; };
		A9415BB91ED8A2EE00BCE530 /* STTwitterHTML.h */ = {isa = PBXFileReference; fileEncoding = 4; lastKnownFileType = sourcecode.c.h; name = STTwitterHTML.h; path = STTwitter/STTwitterHTML.h; sourceTree = "<group>"; };
		A9415BBA1ED8A2EE00BCE530 /* STTwitterHTML.m */ = {isa = PBXFileReference; fileEncoding = 4; lastKnownFileType = sourcecode.c.objc; name = STTwitterHTML.m; path = STTwitter/STTwitterHTML.m; sourceTree = "<group>"; };
		A9415BBB1ED8A2EE00BCE530 /* STTwitterOAuth.h */ = {isa = PBXFileReference; fileEncoding = 4; lastKnownFileType = sourcecode.c.h; name = STTwitterOAuth.h; path = STTwitter/STTwitterOAuth.h; sourceTree = "<group>"; };
		A9415BBC1ED8A2EE00BCE530 /* STTwitterOAuth.m */ = {isa = PBXFileReference; fileEncoding = 4; lastKnownFileType = sourcecode.c.objc; name = STTwitterOAuth.m; path = STTwitter/STTwitterOAuth.m; sourceTree = "<group>"; };
		A9415BBD1ED8A2EE00BCE530 /* STTwitterOS.h */ = {isa = PBXFileReference; fileEncoding = 4; lastKnownFileType = sourcecode.c.h; name = STTwitterOS.h; path = STTwitter/STTwitterOS.h; sourceTree = "<group>"; };
		A9415BBE1ED8A2EE00BCE530 /* STTwitterOS.m */ = {isa = PBXFileReference; fileEncoding = 4; lastKnownFileType = sourcecode.c.objc; name = STTwitterOS.m; path = STTwitter/STTwitterOS.m; sourceTree = "<group>"; };
		A9415BBF1ED8A2EE00BCE530 /* STTwitterOSRequest.h */ = {isa = PBXFileReference; fileEncoding = 4; lastKnownFileType = sourcecode.c.h; name = STTwitterOSRequest.h; path = STTwitter/STTwitterOSRequest.h; sourceTree = "<group>"; };
		A9415BC01ED8A2EE00BCE530 /* STTwitterOSRequest.m */ = {isa = PBXFileReference; fileEncoding = 4; lastKnownFileType = sourcecode.c.objc; name = STTwitterOSRequest.m; path = STTwitter/STTwitterOSRequest.m; sourceTree = "<group>"; };
		A9415BC11ED8A2EE00BCE530 /* STTwitterProtocol.h */ = {isa = PBXFileReference; fileEncoding = 4; lastKnownFileType = sourcecode.c.h; name = STTwitterProtocol.h; path = STTwitter/STTwitterProtocol.h; sourceTree = "<group>"; };
		A9415BC21ED8A2EE00BCE530 /* STTwitterRequestProtocol.h */ = {isa = PBXFileReference; fileEncoding = 4; lastKnownFileType = sourcecode.c.h; name = STTwitterRequestProtocol.h; path = STTwitter/STTwitterRequestProtocol.h; sourceTree = "<group>"; };
		A9415BC31ED8A2EE00BCE530 /* STTwitterStreamParser.h */ = {isa = PBXFileReference; fileEncoding = 4; lastKnownFileType = sourcecode.c.h; name = STTwitterStreamParser.h; path = STTwitter/STTwitterStreamParser.h; sourceTree = "<group>"; };
		A9415BC41ED8A2EE00BCE530 /* STTwitterStreamParser.m */ = {isa = PBXFileReference; fileEncoding = 4; lastKnownFileType = sourcecode.c.objc; name = STTwitterStreamParser.m; path = STTwitter/STTwitterStreamParser.m; sourceTree = "<group>"; };
		A9415BD11ED8A31100BCE530 /* BAVPlistNode.h */ = {isa = PBXFileReference; fileEncoding = 4; lastKnownFileType = sourcecode.c.h; name = BAVPlistNode.h; path = STTwitter/Vendor/BAVPlistNode.h; sourceTree = "<group>"; };
		A9415BD21ED8A31100BCE530 /* BAVPlistNode.m */ = {isa = PBXFileReference; fileEncoding = 4; lastKnownFileType = sourcecode.c.objc; name = BAVPlistNode.m; path = STTwitter/Vendor/BAVPlistNode.m; sourceTree = "<group>"; };
		A9415BD31ED8A31100BCE530 /* JSONSyntaxHighlight.h */ = {isa = PBXFileReference; fileEncoding = 4; lastKnownFileType = sourcecode.c.h; name = JSONSyntaxHighlight.h; path = STTwitter/Vendor/JSONSyntaxHighlight.h; sourceTree = "<group>"; };
		A9415BD41ED8A31100BCE530 /* JSONSyntaxHighlight.m */ = {isa = PBXFileReference; fileEncoding = 4; lastKnownFileType = sourcecode.c.objc; name = JSONSyntaxHighlight.m; path = STTwitter/Vendor/JSONSyntaxHighlight.m; sourceTree = "<group>"; };
		A9415BD51ED8A31100BCE530 /* STHTTPRequest.h */ = {isa = PBXFileReference; fileEncoding = 4; lastKnownFileType = sourcecode.c.h; name = STHTTPRequest.h; path = STTwitter/Vendor/STHTTPRequest.h; sourceTree = "<group>"; };
		A9415BD61ED8A31100BCE530 /* STHTTPRequest.m */ = {isa = PBXFileReference; fileEncoding = 4; lastKnownFileType = sourcecode.c.objc; name = STHTTPRequest.m; path = STTwitter/Vendor/STHTTPRequest.m; sourceTree = "<group>"; };
		A9415BDB1ED8A34D00BCE530 /* Security.framework */ = {isa = PBXFileReference; lastKnownFileType = wrapper.framework; name = Security.framework; path = System/Library/Frameworks/Security.framework; sourceTree = SDKROOT; };
		A9415BDD1ED8A35300BCE530 /* Social.framework */ = {isa = PBXFileReference; lastKnownFileType = wrapper.framework; name = Social.framework; path = System/Library/Frameworks/Social.framework; sourceTree = SDKROOT; };
		A9415BDF1ED8A35900BCE530 /* Accounts.framework */ = {isa = PBXFileReference; lastKnownFileType = wrapper.framework; name = Accounts.framework; path = System/Library/Frameworks/Accounts.framework; sourceTree = SDKROOT; };
		A9415BE11ED8A36200BCE530 /* StoreKit.framework */ = {isa = PBXFileReference; lastKnownFileType = wrapper.framework; name = StoreKit.framework; path = System/Library/Frameworks/StoreKit.framework; sourceTree = SDKROOT; };
		A9415BE31ED8A3BC00BCE530 /* Twitter.framework */ = {isa = PBXFileReference; lastKnownFileType = wrapper.framework; name = Twitter.framework; path = System/Library/Frameworks/Twitter.framework; sourceTree = SDKROOT; };
/* End PBXFileReference section */

/* Begin PBXFrameworksBuildPhase section */
		A9415B721ED8978400BCE530 /* Frameworks */ = {
			isa = PBXFrameworksBuildPhase;
			buildActionMask = 2147483647;
			files = (
				A9415BE41ED8A3BC00BCE530 /* Twitter.framework in Frameworks */,
				A9415BE21ED8A36200BCE530 /* StoreKit.framework in Frameworks */,
				A9415BE01ED8A35900BCE530 /* Accounts.framework in Frameworks */,
				A9415BDE1ED8A35300BCE530 /* Social.framework in Frameworks */,
				A9415BDC1ED8A34D00BCE530 /* Security.framework in Frameworks */,
			);
			runOnlyForDeploymentPostprocessing = 0;
		};
		A9415B8B1ED8978500BCE530 /* Frameworks */ = {
			isa = PBXFrameworksBuildPhase;
			buildActionMask = 2147483647;
			files = (
			);
			runOnlyForDeploymentPostprocessing = 0;
		};
		A9415B961ED8978500BCE530 /* Frameworks */ = {
			isa = PBXFrameworksBuildPhase;
			buildActionMask = 2147483647;
			files = (
			);
			runOnlyForDeploymentPostprocessing = 0;
		};
/* End PBXFrameworksBuildPhase section */

/* Begin PBXGroup section */
		A9415B6C1ED8978400BCE530 = {
			isa = PBXGroup;
			children = (
				A9415B771ED8978400BCE530 /* TwitterIntegration */,
				A9415B911ED8978500BCE530 /* TwitterIntegrationTests */,
				A9415B9C1ED8978500BCE530 /* TwitterIntegrationUITests */,
				A9415B761ED8978400BCE530 /* Products */,
				A9415BDA1ED8A34D00BCE530 /* Frameworks */,
			);
			sourceTree = "<group>";
		};
		A9415B761ED8978400BCE530 /* Products */ = {
			isa = PBXGroup;
			children = (
				A9415B751ED8978400BCE530 /* TwitterIntegration.app */,
				A9415B8E1ED8978500BCE530 /* TwitterIntegrationTests.xctest */,
				A9415B991ED8978500BCE530 /* TwitterIntegrationUITests.xctest */,
			);
			name = Products;
			sourceTree = "<group>";
		};
		A9415B771ED8978400BCE530 /* TwitterIntegration */ = {
			isa = PBXGroup;
			children = (
				A9415BAB1ED8A2E200BCE530 /* STTwitter */,
				A9415B7B1ED8978400BCE530 /* AppDelegate.h */,
				A9415B7C1ED8978400BCE530 /* AppDelegate.m */,
				A9415B7E1ED8978400BCE530 /* ViewController.h */,
				A9415B7F1ED8978400BCE530 /* ViewController.m */,
				A9415B811ED8978500BCE530 /* Main.storyboard */,
				A9415B841ED8978500BCE530 /* Assets.xcassets */,
				A9415B861ED8978500BCE530 /* LaunchScreen.storyboard */,
				A9415B891ED8978500BCE530 /* Info.plist */,
				A9415B781ED8978400BCE530 /* Supporting Files */,
			);
			path = TwitterIntegration;
			sourceTree = "<group>";
		};
		A9415B781ED8978400BCE530 /* Supporting Files */ = {
			isa = PBXGroup;
			children = (
				A9415B791ED8978400BCE530 /* main.m */,
			);
			name = "Supporting Files";
			sourceTree = "<group>";
		};
		A9415B911ED8978500BCE530 /* TwitterIntegrationTests */ = {
			isa = PBXGroup;
			children = (
				A9415B921ED8978500BCE530 /* TwitterIntegrationTests.m */,
				A9415B941ED8978500BCE530 /* Info.plist */,
			);
			path = TwitterIntegrationTests;
			sourceTree = "<group>";
		};
		A9415B9C1ED8978500BCE530 /* TwitterIntegrationUITests */ = {
			isa = PBXGroup;
			children = (
				A9415B9D1ED8978500BCE530 /* TwitterIntegrationUITests.m */,
				A9415B9F1ED8978500BCE530 /* Info.plist */,
			);
			path = TwitterIntegrationUITests;
			sourceTree = "<group>";
		};
		A9415BAB1ED8A2E200BCE530 /* STTwitter */ = {
			isa = PBXGroup;
			children = (
				A9415BD01ED8A2F800BCE530 /* Vendor */,
				A9415BAC1ED8A2EE00BCE530 /* NSDateFormatter+STTwitter.h */,
				A9415BAD1ED8A2EE00BCE530 /* NSDateFormatter+STTwitter.m */,
				A9415BAE1ED8A2EE00BCE530 /* NSError+STTwitter.h */,
				A9415BAF1ED8A2EE00BCE530 /* NSError+STTwitter.m */,
				A9415BB01ED8A2EE00BCE530 /* NSString+STTwitter.h */,
				A9415BB11ED8A2EE00BCE530 /* NSString+STTwitter.m */,
				A9415BB21ED8A2EE00BCE530 /* STHTTPRequest+STTwitter.h */,
				A9415BB31ED8A2EE00BCE530 /* STHTTPRequest+STTwitter.m */,
				A9415BB41ED8A2EE00BCE530 /* STTwitter.h */,
				A9415BB51ED8A2EE00BCE530 /* STTwitterAPI.h */,
				A9415BB61ED8A2EE00BCE530 /* STTwitterAPI.m */,
				A9415BB71ED8A2EE00BCE530 /* STTwitterAppOnly.h */,
				A9415BB81ED8A2EE00BCE530 /* STTwitterAppOnly.m */,
				A9415BB91ED8A2EE00BCE530 /* STTwitterHTML.h */,
				A9415BBA1ED8A2EE00BCE530 /* STTwitterHTML.m */,
				A9415BBB1ED8A2EE00BCE530 /* STTwitterOAuth.h */,
				A9415BBC1ED8A2EE00BCE530 /* STTwitterOAuth.m */,
				A9415BBD1ED8A2EE00BCE530 /* STTwitterOS.h */,
				A9415BBE1ED8A2EE00BCE530 /* STTwitterOS.m */,
				A9415BBF1ED8A2EE00BCE530 /* STTwitterOSRequest.h */,
				A9415BC01ED8A2EE00BCE530 /* STTwitterOSRequest.m */,
				A9415BC11ED8A2EE00BCE530 /* STTwitterProtocol.h */,
				A9415BC21ED8A2EE00BCE530 /* STTwitterRequestProtocol.h */,
				A9415BC31ED8A2EE00BCE530 /* STTwitterStreamParser.h */,
				A9415BC41ED8A2EE00BCE530 /* STTwitterStreamParser.m */,
			);
			name = STTwitter;
			sourceTree = "<group>";
		};
		A9415BD01ED8A2F800BCE530 /* Vendor */ = {
			isa = PBXGroup;
			children = (
				A9415BD11ED8A31100BCE530 /* BAVPlistNode.h */,
				A9415BD21ED8A31100BCE530 /* BAVPlistNode.m */,
				A9415BD31ED8A31100BCE530 /* JSONSyntaxHighlight.h */,
				A9415BD41ED8A31100BCE530 /* JSONSyntaxHighlight.m */,
				A9415BD51ED8A31100BCE530 /* STHTTPRequest.h */,
				A9415BD61ED8A31100BCE530 /* STHTTPRequest.m */,
			);
			name = Vendor;
			sourceTree = "<group>";
		};
		A9415BDA1ED8A34D00BCE530 /* Frameworks */ = {
			isa = PBXGroup;
			children = (
				A9415BE31ED8A3BC00BCE530 /* Twitter.framework */,
				A9415BE11ED8A36200BCE530 /* StoreKit.framework */,
				A9415BDF1ED8A35900BCE530 /* Accounts.framework */,
				A9415BDD1ED8A35300BCE530 /* Social.framework */,
				A9415BDB1ED8A34D00BCE530 /* Security.framework */,
			);
			name = Frameworks;
			sourceTree = "<group>";
		};
/* End PBXGroup section */

/* Begin PBXNativeTarget section */
		A9415B741ED8978400BCE530 /* TwitterIntegration */ = {
			isa = PBXNativeTarget;
			buildConfigurationList = A9415BA21ED8978500BCE530 /* Build configuration list for PBXNativeTarget "TwitterIntegration" */;
			buildPhases = (
				A9415B711ED8978400BCE530 /* Sources */,
				A9415B721ED8978400BCE530 /* Frameworks */,
				A9415B731ED8978400BCE530 /* Resources */,
			);
			buildRules = (
			);
			dependencies = (
			);
			name = TwitterIntegration;
			productName = TwitterIntegration;
			productReference = A9415B751ED8978400BCE530 /* TwitterIntegration.app */;
			productType = "com.apple.product-type.application";
		};
		A9415B8D1ED8978500BCE530 /* TwitterIntegrationTests */ = {
			isa = PBXNativeTarget;
			buildConfigurationList = A9415BA51ED8978500BCE530 /* Build configuration list for PBXNativeTarget "TwitterIntegrationTests" */;
			buildPhases = (
				A9415B8A1ED8978500BCE530 /* Sources */,
				A9415B8B1ED8978500BCE530 /* Frameworks */,
				A9415B8C1ED8978500BCE530 /* Resources */,
			);
			buildRules = (
			);
			dependencies = (
				A9415B901ED8978500BCE530 /* PBXTargetDependency */,
			);
			name = TwitterIntegrationTests;
			productName = TwitterIntegrationTests;
			productReference = A9415B8E1ED8978500BCE530 /* TwitterIntegrationTests.xctest */;
			productType = "com.apple.product-type.bundle.unit-test";
		};
		A9415B981ED8978500BCE530 /* TwitterIntegrationUITests */ = {
			isa = PBXNativeTarget;
			buildConfigurationList = A9415BA81ED8978500BCE530 /* Build configuration list for PBXNativeTarget "TwitterIntegrationUITests" */;
			buildPhases = (
				A9415B951ED8978500BCE530 /* Sources */,
				A9415B961ED8978500BCE530 /* Frameworks */,
				A9415B971ED8978500BCE530 /* Resources */,
			);
			buildRules = (
			);
			dependencies = (
				A9415B9B1ED8978500BCE530 /* PBXTargetDependency */,
			);
			name = TwitterIntegrationUITests;
			productName = TwitterIntegrationUITests;
			productReference = A9415B991ED8978500BCE530 /* TwitterIntegrationUITests.xctest */;
			productType = "com.apple.product-type.bundle.ui-testing";
		};
/* End PBXNativeTarget section */

/* Begin PBXProject section */
		A9415B6D1ED8978400BCE530 /* Project object */ = {
			isa = PBXProject;
			attributes = {
				LastUpgradeCheck = 0820;
				ORGANIZATIONNAME = bliss;
				TargetAttributes = {
					A9415B741ED8978400BCE530 = {
						CreatedOnToolsVersion = 8.2.1;
						ProvisioningStyle = Automatic;
					};
					A9415B8D1ED8978500BCE530 = {
						CreatedOnToolsVersion = 8.2.1;
						ProvisioningStyle = Automatic;
						TestTargetID = A9415B741ED8978400BCE530;
					};
					A9415B981ED8978500BCE530 = {
						CreatedOnToolsVersion = 8.2.1;
						ProvisioningStyle = Automatic;
						TestTargetID = A9415B741ED8978400BCE530;
					};
				};
			};
			buildConfigurationList = A9415B701ED8978400BCE530 /* Build configuration list for PBXProject "TwitterIntegration" */;
			compatibilityVersion = "Xcode 3.2";
			developmentRegion = English;
			hasScannedForEncodings = 0;
			knownRegions = (
				en,
				Base,
			);
			mainGroup = A9415B6C1ED8978400BCE530;
			productRefGroup = A9415B761ED8978400BCE530 /* Products */;
			projectDirPath = "";
			projectRoot = "";
			targets = (
				A9415B741ED8978400BCE530 /* TwitterIntegration */,
				A9415B8D1ED8978500BCE530 /* TwitterIntegrationTests */,
				A9415B981ED8978500BCE530 /* TwitterIntegrationUITests */,
			);
		};
/* End PBXProject section */

/* Begin PBXResourcesBuildPhase section */
		A9415B731ED8978400BCE530 /* Resources */ = {
			isa = PBXResourcesBuildPhase;
			buildActionMask = 2147483647;
			files = (
				A9415B881ED8978500BCE530 /* LaunchScreen.storyboard in Resources */,
				A9415B851ED8978500BCE530 /* Assets.xcassets in Resources */,
				A9415B831ED8978500BCE530 /* Main.storyboard in Resources */,
			);
			runOnlyForDeploymentPostprocessing = 0;
		};
		A9415B8C1ED8978500BCE530 /* Resources */ = {
			isa = PBXResourcesBuildPhase;
			buildActionMask = 2147483647;
			files = (
			);
			runOnlyForDeploymentPostprocessing = 0;
		};
		A9415B971ED8978500BCE530 /* Resources */ = {
			isa = PBXResourcesBuildPhase;
			buildActionMask = 2147483647;
			files = (
			);
			runOnlyForDeploymentPostprocessing = 0;
		};
/* End PBXResourcesBuildPhase section */

/* Begin PBXSourcesBuildPhase section */
		A9415B711ED8978400BCE530 /* Sources */ = {
			isa = PBXSourcesBuildPhase;
			buildActionMask = 2147483647;
			files = (
				A9415BCD1ED8A2EE00BCE530 /* STTwitterOS.m in Sources */,
				A9415BC71ED8A2EE00BCE530 /* NSString+STTwitter.m in Sources */,
				A9415BC61ED8A2EE00BCE530 /* NSError+STTwitter.m in Sources */,
				A9415B801ED8978400BCE530 /* ViewController.m in Sources */,
				A9415B7D1ED8978400BCE530 /* AppDelegate.m in Sources */,
				A9415BD91ED8A31100BCE530 /* STHTTPRequest.m in Sources */,
				A9415BC51ED8A2EE00BCE530 /* NSDateFormatter+STTwitter.m in Sources */,
				A9415BD71ED8A31100BCE530 /* BAVPlistNode.m in Sources */,
				A9415BC91ED8A2EE00BCE530 /* STTwitterAPI.m in Sources */,
				A9415BC81ED8A2EE00BCE530 /* STHTTPRequest+STTwitter.m in Sources */,
				A9415BD81ED8A31100BCE530 /* JSONSyntaxHighlight.m in Sources */,
				A9415BCB1ED8A2EE00BCE530 /* STTwitterHTML.m in Sources */,
				A9415BCF1ED8A2EE00BCE530 /* STTwitterStreamParser.m in Sources */,
				A9415BCA1ED8A2EE00BCE530 /* STTwitterAppOnly.m in Sources */,
				A9415BCE1ED8A2EE00BCE530 /* STTwitterOSRequest.m in Sources */,
				A9415BCC1ED8A2EE00BCE530 /* STTwitterOAuth.m in Sources */,
				A9415B7A1ED8978400BCE530 /* main.m in Sources */,
			);
			runOnlyForDeploymentPostprocessing = 0;
		};
		A9415B8A1ED8978500BCE530 /* Sources */ = {
			isa = PBXSourcesBuildPhase;
			buildActionMask = 2147483647;
			files = (
				A9415B931ED8978500BCE530 /* TwitterIntegrationTests.m in Sources */,
			);
			runOnlyForDeploymentPostprocessing = 0;
		};
		A9415B951ED8978500BCE530 /* Sources */ = {
			isa = PBXSourcesBuildPhase;
			buildActionMask = 2147483647;
			files = (
				A9415B9E1ED8978500BCE530 /* TwitterIntegrationUITests.m in Sources */,
			);
			runOnlyForDeploymentPostprocessing = 0;
		};
/* End PBXSourcesBuildPhase section */

/* Begin PBXTargetDependency section */
		A9415B901ED8978500BCE530 /* PBXTargetDependency */ = {
			isa = PBXTargetDependency;
			target = A9415B741ED8978400BCE530 /* TwitterIntegration */;
			targetProxy = A9415B8F1ED8978500BCE530 /* PBXContainerItemProxy */;
		};
		A9415B9B1ED8978500BCE530 /* PBXTargetDependency */ = {
			isa = PBXTargetDependency;
			target = A9415B741ED8978400BCE530 /* TwitterIntegration */;
			targetProxy = A9415B9A1ED8978500BCE530 /* PBXContainerItemProxy */;
		};
/* End PBXTargetDependency section */

/* Begin PBXVariantGroup section */
		A9415B811ED8978500BCE530 /* Main.storyboard */ = {
			isa = PBXVariantGroup;
			children = (
				A9415B821ED8978500BCE530 /* Base */,
			);
			name = Main.storyboard;
			sourceTree = "<group>";
		};
		A9415B861ED8978500BCE530 /* LaunchScreen.storyboard */ = {
			isa = PBXVariantGroup;
			children = (
				A9415B871ED8978500BCE530 /* Base */,
			);
			name = LaunchScreen.storyboard;
			sourceTree = "<group>";
		};
/* End PBXVariantGroup section */

/* Begin XCBuildConfiguration section */
		A9415BA01ED8978500BCE530 /* Debug */ = {
			isa = XCBuildConfiguration;
			buildSettings = {
				ALWAYS_SEARCH_USER_PATHS = NO;
				CLANG_ANALYZER_NONNULL = YES;
				CLANG_CXX_LANGUAGE_STANDARD = "gnu++0x";
				CLANG_CXX_LIBRARY = "libc++";
				CLANG_ENABLE_MODULES = YES;
				CLANG_ENABLE_OBJC_ARC = YES;
				CLANG_WARN_BOOL_CONVERSION = YES;
				CLANG_WARN_CONSTANT_CONVERSION = YES;
				CLANG_WARN_DIRECT_OBJC_ISA_USAGE = YES_ERROR;
				CLANG_WARN_DOCUMENTATION_COMMENTS = YES;
				CLANG_WARN_EMPTY_BODY = YES;
				CLANG_WARN_ENUM_CONVERSION = YES;
				CLANG_WARN_INFINITE_RECURSION = YES;
				CLANG_WARN_INT_CONVERSION = YES;
				CLANG_WARN_OBJC_ROOT_CLASS = YES_ERROR;
				CLANG_WARN_SUSPICIOUS_MOVE = YES;
				CLANG_WARN_UNREACHABLE_CODE = YES;
				CLANG_WARN__DUPLICATE_METHOD_MATCH = YES;
				"CODE_SIGN_IDENTITY[sdk=iphoneos*]" = "iPhone Developer";
				COPY_PHASE_STRIP = NO;
				DEBUG_INFORMATION_FORMAT = dwarf;
				ENABLE_STRICT_OBJC_MSGSEND = YES;
				ENABLE_TESTABILITY = YES;
				GCC_C_LANGUAGE_STANDARD = gnu99;
				GCC_DYNAMIC_NO_PIC = NO;
				GCC_NO_COMMON_BLOCKS = YES;
				GCC_OPTIMIZATION_LEVEL = 0;
				GCC_PREPROCESSOR_DEFINITIONS = (
					"DEBUG=1",
					"$(inherited)",
				);
				GCC_WARN_64_TO_32_BIT_CONVERSION = YES;
				GCC_WARN_ABOUT_RETURN_TYPE = YES_ERROR;
				GCC_WARN_UNDECLARED_SELECTOR = YES;
				GCC_WARN_UNINITIALIZED_AUTOS = YES_AGGRESSIVE;
				GCC_WARN_UNUSED_FUNCTION = YES;
				GCC_WARN_UNUSED_VARIABLE = YES;
				IPHONEOS_DEPLOYMENT_TARGET = 10.2;
				MTL_ENABLE_DEBUG_INFO = YES;
				ONLY_ACTIVE_ARCH = YES;
				SDKROOT = iphoneos;
			};
			name = Debug;
		};
		A9415BA11ED8978500BCE530 /* Release */ = {
			isa = XCBuildConfiguration;
			buildSettings = {
				ALWAYS_SEARCH_USER_PATHS = NO;
				CLANG_ANALYZER_NONNULL = YES;
				CLANG_CXX_LANGUAGE_STANDARD = "gnu++0x";
				CLANG_CXX_LIBRARY = "libc++";
				CLANG_ENABLE_MODULES = YES;
				CLANG_ENABLE_OBJC_ARC = YES;
				CLANG_WARN_BOOL_CONVERSION = YES;
				CLANG_WARN_CONSTANT_CONVERSION = YES;
				CLANG_WARN_DIRECT_OBJC_ISA_USAGE = YES_ERROR;
				CLANG_WARN_DOCUMENTATION_COMMENTS = YES;
				CLANG_WARN_EMPTY_BODY = YES;
				CLANG_WARN_ENUM_CONVERSION = YES;
				CLANG_WARN_INFINITE_RECURSION = YES;
				CLANG_WARN_INT_CONVERSION = YES;
				CLANG_WARN_OBJC_ROOT_CLASS = YES_ERROR;
				CLANG_WARN_SUSPICIOUS_MOVE = YES;
				CLANG_WARN_UNREACHABLE_CODE = YES;
				CLANG_WARN__DUPLICATE_METHOD_MATCH = YES;
				"CODE_SIGN_IDENTITY[sdk=iphoneos*]" = "iPhone Developer";
				COPY_PHASE_STRIP = NO;
				DEBUG_INFORMATION_FORMAT = "dwarf-with-dsym";
				ENABLE_NS_ASSERTIONS = NO;
				ENABLE_STRICT_OBJC_MSGSEND = YES;
				GCC_C_LANGUAGE_STANDARD = gnu99;
				GCC_NO_COMMON_BLOCKS = YES;
				GCC_WARN_64_TO_32_BIT_CONVERSION = YES;
				GCC_WARN_ABOUT_RETURN_TYPE = YES_ERROR;
				GCC_WARN_UNDECLARED_SELECTOR = YES;
				GCC_WARN_UNINITIALIZED_AUTOS = YES_AGGRESSIVE;
				GCC_WARN_UNUSED_FUNCTION = YES;
				GCC_WARN_UNUSED_VARIABLE = YES;
				IPHONEOS_DEPLOYMENT_TARGET = 10.2;
				MTL_ENABLE_DEBUG_INFO = NO;
				SDKROOT = iphoneos;
				VALIDATE_PRODUCT = YES;
			};
			name = Release;
		};
		A9415BA31ED8978500BCE530 /* Debug */ = {
			isa = XCBuildConfiguration;
			buildSettings = {
				ASSETCATALOG_COMPILER_APPICON_NAME = AppIcon;
				INFOPLIST_FILE = TwitterIntegration/Info.plist;
				LD_RUNPATH_SEARCH_PATHS = "$(inherited) @executable_path/Frameworks";
				PRODUCT_BUNDLE_IDENTIFIER = com.TwitterIntegration;
				PRODUCT_NAME = "$(TARGET_NAME)";
			};
			name = Debug;
		};
		A9415BA41ED8978500BCE530 /* Release */ = {
			isa = XCBuildConfiguration;
			buildSettings = {
				ASSETCATALOG_COMPILER_APPICON_NAME = AppIcon;
				INFOPLIST_FILE = TwitterIntegration/Info.plist;
				LD_RUNPATH_SEARCH_PATHS = "$(inherited) @executable_path/Frameworks";
				PRODUCT_BUNDLE_IDENTIFIER = com.TwitterIntegration;
				PRODUCT_NAME = "$(TARGET_NAME)";
			};
			name = Release;
		};
		A9415BA61ED8978500BCE530 /* Debug */ = {
			isa = XCBuildConfiguration;
			buildSettings = {
				BUNDLE_LOADER = "$(TEST_HOST)";
				INFOPLIST_FILE = TwitterIntegrationTests/Info.plist;
				LD_RUNPATH_SEARCH_PATHS = "$(inherited) @executable_path/Frameworks @loader_path/Frameworks";
				PRODUCT_BUNDLE_IDENTIFIER = com.TwitterIntegrationTests;
				PRODUCT_NAME = "$(TARGET_NAME)";
				TEST_HOST = "$(BUILT_PRODUCTS_DIR)/TwitterIntegration.app/TwitterIntegration";
			};
			name = Debug;
		};
		A9415BA71ED8978500BCE530 /* Release */ = {
			isa = XCBuildConfiguration;
			buildSettings = {
				BUNDLE_LOADER = "$(TEST_HOST)";
				INFOPLIST_FILE = TwitterIntegrationTests/Info.plist;
				LD_RUNPATH_SEARCH_PATHS = "$(inherited) @executable_path/Frameworks @loader_path/Frameworks";
				PRODUCT_BUNDLE_IDENTIFIER = com.TwitterIntegrationTests;
				PRODUCT_NAME = "$(TARGET_NAME)";
				TEST_HOST = "$(BUILT_PRODUCTS_DIR)/TwitterIntegration.app/TwitterIntegration";
			};
			name = Release;
		};
		A9415BA91ED8978500BCE530 /* Debug */ = {
			isa = XCBuildConfiguration;
			buildSettings = {
				INFOPLIST_FILE = TwitterIntegrationUITests/Info.plist;
				LD_RUNPATH_SEARCH_PATHS = "$(inherited) @executable_path/Frameworks @loader_path/Frameworks";
				PRODUCT_BUNDLE_IDENTIFIER = com.TwitterIntegrationUITests;
				PRODUCT_NAME = "$(TARGET_NAME)";
				TEST_TARGET_NAME = TwitterIntegration;
			};
			name = Debug;
		};
		A9415BAA1ED8978500BCE530 /* Release */ = {
			isa = XCBuildConfiguration;
			buildSettings = {
				INFOPLIST_FILE = TwitterIntegrationUITests/Info.plist;
				LD_RUNPATH_SEARCH_PATHS = "$(inherited) @executable_path/Frameworks @loader_path/Frameworks";
				PRODUCT_BUNDLE_IDENTIFIER = com.TwitterIntegrationUITests;
				PRODUCT_NAME = "$(TARGET_NAME)";
				TEST_TARGET_NAME = TwitterIntegration;
			};
			name = Release;
		};
/* End XCBuildConfiguration section */

/* Begin XCConfigurationList section */
		A9415B701ED8978400BCE530 /* Build configuration list for PBXProject "TwitterIntegration" */ = {
			isa = XCConfigurationList;
			buildConfigurations = (
				A9415BA01ED8978500BCE530 /* Debug */,
				A9415BA11ED8978500BCE530 /* Release */,
			);
			defaultConfigurationIsVisible = 0;
			defaultConfigurationName = Release;
		};
		A9415BA21ED8978500BCE530 /* Build configuration list for PBXNativeTarget "TwitterIntegration" */ = {
			isa = XCConfigurationList;
			buildConfigurations = (
				A9415BA31ED8978500BCE530 /* Debug */,
				A9415BA41ED8978500BCE530 /* Release */,
			);
			defaultConfigurationIsVisible = 0;
		};
		A9415BA51ED8978500BCE530 /* Build configuration list for PBXNativeTarget "TwitterIntegrationTests" */ = {
			isa = XCConfigurationList;
			buildConfigurations = (
				A9415BA61ED8978500BCE530 /* Debug */,
				A9415BA71ED8978500BCE530 /* Release */,
			);
			defaultConfigurationIsVisible = 0;
		};
		A9415BA81ED8978500BCE530 /* Build configuration list for PBXNativeTarget "TwitterIntegrationUITests" */ = {
			isa = XCConfigurationList;
			buildConfigurations = (
				A9415BA91ED8978500BCE530 /* Debug */,
				A9415BAA1ED8978500BCE530 /* Release */,
			);
			defaultConfigurationIsVisible = 0;
		};
/* End XCConfigurationList section */
	};
	rootObject = A9415B6D1ED8978400BCE530 /* Project object */;
}
